
Microsoft Visual Studio Solution File, Format Version 12.00
# Visual Studio Version 17
VisualStudioVersion = 17.8.34525.116
MinimumVisualStudioVersion = 10.0.40219.1
Project("{FAE04EC0-301F-11D3-BF4B-00C04F79EFBC}") = "Socket_GUI", "Socket_GUI.csproj", "{107666E4-480A-435D-A77F-FD96CA305161}"
EndProject
Global
	GlobalSection(SolutionConfigurationPlatforms) = preSolution
		Debug|Any CPU = Debug|Any CPU
		Release|Any CPU = Release|Any CPU
	EndGlobalSection
	GlobalSection(ProjectConfigurationPlatforms) = postSolution
		{107666E4-480A-435D-A77F-FD96CA305161}.Debug|Any CPU.ActiveCfg = Debug|Any CPU
		{107666E4-480A-435D-A77F-FD96CA305161}.Debug|Any CPU.Build.0 = Debug|Any CPU
		{107666E4-480A-435D-A77F-FD96CA305161}.Release|Any CPU.ActiveCfg = Release|Any CPU
		{107666E4-480A-435D-A77F-FD96CA305161}.Release|Any CPU.Build.0 = Release|Any CPU
	EndGlobalSection
	GlobalSection(SolutionProperties) = preSolution
		HideSolutionNode = FALSE
	EndGlobalSection
	GlobalSection(ExtensibilityGlobals) = postSolution
		SolutionGuid = {C25B02D2-E448-4FCC-A9C6-F50BA4774222}
	EndGlobalSection
EndGlobal
